PODS:
  - Flutter (1.0.0)
  - native_font (0.0.1):
    - Flutter

DEPENDENCIES:
  - Flutter (from `Flutter`)
  - native_font (from `.symlinks/plugins/native_font/ios`)

EXTERNAL SOURCES:
  Flutter:
    :path: Flutter
  native_font:
    :path: ".symlinks/plugins/native_font/ios"

SPEC CHECKSUMS:
  Flutter: f04841e97a9d0b0a8025694d0796dd46242b2854
  native_font: d274afc2ad3dca462ab0355d0da442479c71e5e6

PODFILE CHECKSUM: 663715e941f9adb426e33bf9376914006f9ea95b

COCOAPODS: 1.11.3
